
Microsoft Visual Studio Solution File, Format Version 12.00
# Visual Studio 2013
VisualStudioVersion = 12.0.31101.0
MinimumVisualStudioVersion = 10.0.40219.1
Project("{FAE04EC0-301F-11D3-BF4B-00C04F79EFBC}") = "Orc.Search.NET40", "Orc.Search\Orc.Search.NET40\Orc.Search.NET40.csproj", "{589A582A-9995-4293-B5DF-5B95F10CB1FB}"
EndProject
Project("{2150E333-8FDC-42A3-9474-1A3956D46DE8}") = "src", "src", "{A335AA39-10A9-4269-ADDC-780022AE1C16}"
EndProject
Project("{2150E333-8FDC-42A3-9474-1A3956D46DE8}") = "misc", "misc", "{F6EAB599-01E6-45F4-96AC-717DF1E5D1BF}"
	ProjectSection(SolutionItems) = preProject
		nuget.config = nuget.config
		Orc.Search.sln.DotSettings = Orc.Search.sln.DotSettings
		SolutionAssemblyInfo.cs = SolutionAssemblyInfo.cs
	EndProjectSection
EndProject
Project("{2150E333-8FDC-42A3-9474-1A3956D46DE8}") = "lib", "lib", "{7112AD6A-3AF8-4F3C-B31E-3AA3CC29763F}"
	ProjectSection(SolutionItems) = preProject
		..\lib\repositories.config = ..\lib\repositories.config
	EndProjectSection
EndProject
Project("{FAE04EC0-301F-11D3-BF4B-00C04F79EFBC}") = "Orc.Search.Tests.NET40", "Orc.Search.Tests\Orc.Search.Tests.NET40\Orc.Search.Tests.NET40.csproj", "{1C7E13A8-E796-45C4-9B1F-5F7B3658F4D2}"
EndProject
Project("{2150E333-8FDC-42A3-9474-1A3956D46DE8}") = "Core", "Core", "{C1EFC2A4-3BCE-4980-B281-612B5713EB0D}"
EndProject
Project("{2150E333-8FDC-42A3-9474-1A3956D46DE8}") = "Example", "Example", "{0A58D5D5-1C31-450B-A170-E1581656AFB3}"
EndProject
Project("{2150E333-8FDC-42A3-9474-1A3956D46DE8}") = "Tests", "Tests", "{A7F965F8-AFAF-41A3-8244-F5B99E6CA2E9}"
EndProject
Project("{FAE04EC0-301F-11D3-BF4B-00C04F79EFBC}") = "Orc.Search.Xaml.NET40", "Orc.Search.Xaml\Orc.Search.Xaml.NET40\Orc.Search.Xaml.NET40.csproj", "{E7D4C787-4FA3-4470-9485-C746751E12FD}"
EndProject
Project("{FAE04EC0-301F-11D3-BF4B-00C04F79EFBC}") = "Orc.Search.Example", "Orc.Search.Example\Orc.Search.Example.csproj", "{D13BE89D-77F2-4295-A721-BC4163C40D4B}"
EndProject
Project("{2150E333-8FDC-42A3-9474-1A3956D46DE8}") = "Core.Xaml", "Core.Xaml", "{99914C29-4B3B-425A-8EE6-8A518B602585}"
EndProject
Project("{D954291E-2A0B-460D-934E-DC6B0785DB48}") = "Orc.Search.Shared", "Orc.Search\Orc.Search.Shared\Orc.Search.Shared.shproj", "{63216FBD-3BCF-49F5-B38D-1198BF0B0710}"
EndProject
Project("{D954291E-2A0B-460D-934E-DC6B0785DB48}") = "Orc.Search.Xaml.Shared", "Orc.Search.Xaml\Orc.Search.Xaml.Shared\Orc.Search.Xaml.Shared.shproj", "{9CFBE291-FC55-4391-BF4B-4B312AD48810}"
EndProject
Project("{D954291E-2A0B-460D-934E-DC6B0785DB48}") = "Orc.Search.Tests.Shared", "Orc.Search.Tests\Orc.Search.Tests.Shared\Orc.Search.Tests.Shared.shproj", "{C69ED18E-7C3B-404E-895B-DB65F2016E59}"
EndProject
Project("{FAE04EC0-301F-11D3-BF4B-00C04F79EFBC}") = "Orc.Search.NET45", "Orc.Search\Orc.Search.NET45\Orc.Search.NET45.csproj", "{20F3DEDA-9D46-4F7C-B6F4-4D97E2AC8D06}"
EndProject
Project("{FAE04EC0-301F-11D3-BF4B-00C04F79EFBC}") = "Orc.Search.Xaml.NET45", "Orc.Search.Xaml\Orc.Search.Xaml.NET45\Orc.Search.Xaml.NET45.csproj", "{64AE2B5E-3EA3-4D33-9CF0-3A7D9E298ADC}"
EndProject
Project("{FAE04EC0-301F-11D3-BF4B-00C04F79EFBC}") = "Orc.Search.Tests.NET45", "Orc.Search.Tests\Orc.Search.Tests.NET45\Orc.Search.Tests.NET45.csproj", "{FDCF476F-5992-44F4-AEE8-F0CE204DDF7D}"
EndProject
Global
	GlobalSection(SharedMSBuildProjectFiles) = preSolution
		Orc.Search\Orc.Search.Shared\Orc.Search.Shared.projitems*{589a582a-9995-4293-b5df-5b95f10cb1fb}*SharedItemsImports = 4
		Orc.Search.Tests\Orc.Search.Tests.Shared\Orc.Search.Tests.Shared.projitems*{1c7e13a8-e796-45c4-9b1f-5f7b3658f4d2}*SharedItemsImports = 4
		Orc.Search\Orc.Search.Shared\Orc.Search.Shared.projitems*{20f3deda-9d46-4f7c-b6f4-4d97e2ac8d06}*SharedItemsImports = 4
		Orc.Search.Xaml\Orc.Search.Xaml.Shared\Orc.Search.Xaml.Shared.projitems*{9cfbe291-fc55-4391-bf4b-4b312ad48810}*SharedItemsImports = 13
		Orc.Search\Orc.Search.Shared\Orc.Search.Shared.projitems*{63216fbd-3bcf-49f5-b38d-1198bf0b0710}*SharedItemsImports = 13
		Orc.Search.Tests\Orc.Search.Tests.Shared\Orc.Search.Tests.Shared.projitems*{fdcf476f-5992-44f4-aee8-f0ce204ddf7d}*SharedItemsImports = 4
		Orc.Search.Xaml\Orc.Search.Xaml.Shared\Orc.Search.Xaml.Shared.projitems*{64ae2b5e-3ea3-4d33-9cf0-3a7d9e298adc}*SharedItemsImports = 4
		Orc.Search.Tests\Orc.Search.Tests.Shared\Orc.Search.Tests.Shared.projitems*{c69ed18e-7c3b-404e-895b-db65f2016e59}*SharedItemsImports = 13
		Orc.Search.Xaml\Orc.Search.Xaml.Shared\Orc.Search.Xaml.Shared.projitems*{e7d4c787-4fa3-4470-9485-c746751e12fd}*SharedItemsImports = 4
	EndGlobalSection
	GlobalSection(SolutionConfigurationPlatforms) = preSolution
		Debug|Any CPU = Debug|Any CPU
		Release|Any CPU = Release|Any CPU
	EndGlobalSection
	GlobalSection(ProjectConfigurationPlatforms) = postSolution
		{589A582A-9995-4293-B5DF-5B95F10CB1FB}.Debug|Any CPU.ActiveCfg = Debug|Any CPU
		{589A582A-9995-4293-B5DF-5B95F10CB1FB}.Debug|Any CPU.Build.0 = Debug|Any CPU
		{589A582A-9995-4293-B5DF-5B95F10CB1FB}.Release|Any CPU.ActiveCfg = Release|Any CPU
		{589A582A-9995-4293-B5DF-5B95F10CB1FB}.Release|Any CPU.Build.0 = Release|Any CPU
		{1C7E13A8-E796-45C4-9B1F-5F7B3658F4D2}.Debug|Any CPU.ActiveCfg = Debug|Any CPU
		{1C7E13A8-E796-45C4-9B1F-5F7B3658F4D2}.Debug|Any CPU.Build.0 = Debug|Any CPU
		{1C7E13A8-E796-45C4-9B1F-5F7B3658F4D2}.Release|Any CPU.ActiveCfg = Release|Any CPU
		{1C7E13A8-E796-45C4-9B1F-5F7B3658F4D2}.Release|Any CPU.Build.0 = Release|Any CPU
		{E7D4C787-4FA3-4470-9485-C746751E12FD}.Debug|Any CPU.ActiveCfg = Debug|Any CPU
		{E7D4C787-4FA3-4470-9485-C746751E12FD}.Debug|Any CPU.Build.0 = Debug|Any CPU
		{E7D4C787-4FA3-4470-9485-C746751E12FD}.Release|Any CPU.ActiveCfg = Release|Any CPU
		{E7D4C787-4FA3-4470-9485-C746751E12FD}.Release|Any CPU.Build.0 = Release|Any CPU
		{D13BE89D-77F2-4295-A721-BC4163C40D4B}.Debug|Any CPU.ActiveCfg = Debug|Any CPU
		{D13BE89D-77F2-4295-A721-BC4163C40D4B}.Debug|Any CPU.Build.0 = Debug|Any CPU
		{D13BE89D-77F2-4295-A721-BC4163C40D4B}.Release|Any CPU.ActiveCfg = Release|Any CPU
		{D13BE89D-77F2-4295-A721-BC4163C40D4B}.Release|Any CPU.Build.0 = Release|Any CPU
		{20F3DEDA-9D46-4F7C-B6F4-4D97E2AC8D06}.Debug|Any CPU.ActiveCfg = Debug|Any CPU
		{20F3DEDA-9D46-4F7C-B6F4-4D97E2AC8D06}.Debug|Any CPU.Build.0 = Debug|Any CPU
		{20F3DEDA-9D46-4F7C-B6F4-4D97E2AC8D06}.Release|Any CPU.ActiveCfg = Release|Any CPU
		{20F3DEDA-9D46-4F7C-B6F4-4D97E2AC8D06}.Release|Any CPU.Build.0 = Release|Any CPU
		{64AE2B5E-3EA3-4D33-9CF0-3A7D9E298ADC}.Debug|Any CPU.ActiveCfg = Debug|Any CPU
		{64AE2B5E-3EA3-4D33-9CF0-3A7D9E298ADC}.Debug|Any CPU.Build.0 = Debug|Any CPU
		{64AE2B5E-3EA3-4D33-9CF0-3A7D9E298ADC}.Release|Any CPU.ActiveCfg = Release|Any CPU
		{64AE2B5E-3EA3-4D33-9CF0-3A7D9E298ADC}.Release|Any CPU.Build.0 = Release|Any CPU
		{FDCF476F-5992-44F4-AEE8-F0CE204DDF7D}.Debug|Any CPU.ActiveCfg = Debug|Any CPU
		{FDCF476F-5992-44F4-AEE8-F0CE204DDF7D}.Debug|Any CPU.Build.0 = Debug|Any CPU
		{FDCF476F-5992-44F4-AEE8-F0CE204DDF7D}.Release|Any CPU.ActiveCfg = Release|Any CPU
		{FDCF476F-5992-44F4-AEE8-F0CE204DDF7D}.Release|Any CPU.Build.0 = Release|Any CPU
	EndGlobalSection
	GlobalSection(SolutionProperties) = preSolution
		HideSolutionNode = FALSE
	EndGlobalSection
	GlobalSection(NestedProjects) = preSolution
		{589A582A-9995-4293-B5DF-5B95F10CB1FB} = {C1EFC2A4-3BCE-4980-B281-612B5713EB0D}
		{1C7E13A8-E796-45C4-9B1F-5F7B3658F4D2} = {A7F965F8-AFAF-41A3-8244-F5B99E6CA2E9}
		{C1EFC2A4-3BCE-4980-B281-612B5713EB0D} = {A335AA39-10A9-4269-ADDC-780022AE1C16}
		{0A58D5D5-1C31-450B-A170-E1581656AFB3} = {A335AA39-10A9-4269-ADDC-780022AE1C16}
		{A7F965F8-AFAF-41A3-8244-F5B99E6CA2E9} = {A335AA39-10A9-4269-ADDC-780022AE1C16}
		{E7D4C787-4FA3-4470-9485-C746751E12FD} = {99914C29-4B3B-425A-8EE6-8A518B602585}
		{D13BE89D-77F2-4295-A721-BC4163C40D4B} = {0A58D5D5-1C31-450B-A170-E1581656AFB3}
		{99914C29-4B3B-425A-8EE6-8A518B602585} = {A335AA39-10A9-4269-ADDC-780022AE1C16}
		{63216FBD-3BCF-49F5-B38D-1198BF0B0710} = {C1EFC2A4-3BCE-4980-B281-612B5713EB0D}
		{9CFBE291-FC55-4391-BF4B-4B312AD48810} = {99914C29-4B3B-425A-8EE6-8A518B602585}
		{C69ED18E-7C3B-404E-895B-DB65F2016E59} = {A7F965F8-AFAF-41A3-8244-F5B99E6CA2E9}
		{20F3DEDA-9D46-4F7C-B6F4-4D97E2AC8D06} = {C1EFC2A4-3BCE-4980-B281-612B5713EB0D}
		{64AE2B5E-3EA3-4D33-9CF0-3A7D9E298ADC} = {99914C29-4B3B-425A-8EE6-8A518B602585}
		{FDCF476F-5992-44F4-AEE8-F0CE204DDF7D} = {A7F965F8-AFAF-41A3-8244-F5B99E6CA2E9}
	EndGlobalSection
EndGlobal
